
Microsoft Visual Studio Solution File, Format Version 12.00
# Visual Studio Version 17
VisualStudioVersion = 17.3.32811.315
MinimumVisualStudioVersion = 10.0.40219.1
Project("{2150E333-8FDC-42A3-9474-1A3956D46DE8}") = "src", "src", "{6CE40E1F-102A-4403-A9C4-80F641EE8E24}"
EndProject
Project("{9A19103F-16F7-4668-BE54-9A1E7A4F7556}") = "CompoundInterestCalculator.Api", "src\Api\CompoundInterestCalculator.Api.csproj", "{0C8CAA0F-7EDB-46BD-A452-48B834A6CD0D}"
EndProject
Project("{2150E333-8FDC-42A3-9474-1A3956D46DE8}") = "Application", "Application", "{6A0D68D9-A7F2-4FB1-9BA2-1E54357307E5}"
EndProject
Project("{9A19103F-16F7-4668-BE54-9A1E7A4F7556}") = "CompoundInterestCalculator.Application", "src\Application\CompoundInterestCalculator.Application\CompoundInterestCalculator.Application.csproj", "{277CD26F-EE4C-4BC2-A03A-3689540CB43B}"
EndProject
Project("{9A19103F-16F7-4668-BE54-9A1E7A4F7556}") = "CompoundInterestCalculator.Application.Core", "src\Application\CompoundInterestCalculator.Application.Core\CompoundInterestCalculator.Application.Core.csproj", "{D2327522-6715-44A8-94D6-A0702BB8DA2D}"
EndProject
Project("{9A19103F-16F7-4668-BE54-9A1E7A4F7556}") = "CompoundInterestCalculatorApp", "src\CompoundInterestCalculatorApp\CompoundInterestCalculatorApp.csproj", "{05C00276-AA13-4EE0-8814-21CA79FA8187}"
EndProject
Project("{2150E333-8FDC-42A3-9474-1A3956D46DE8}") = "Domain", "Domain", "{282E3226-AC7A-4849-8159-BD5071B938E9}"
EndProject
Project("{9A19103F-16F7-4668-BE54-9A1E7A4F7556}") = "CompoundInterestCalculator.Domain", "src\Domain\CompoundInterestCalculator.Domain\CompoundInterestCalculator.Domain.csproj", "{D7544B8C-60D4-4B2C-A2FF-890F35AB858C}"
EndProject
Project("{9A19103F-16F7-4668-BE54-9A1E7A4F7556}") = "CompoundInterestCalculator.Domain.Core", "src\Domain\CompoundInterestCalculator.Domain.Core\CompoundInterestCalculator.Domain.Core.csproj", "{FDE6342B-E9D0-43F0-A8E2-BBD6F78204C9}"
EndProject
Project("{9A19103F-16F7-4668-BE54-9A1E7A4F7556}") = "CompoundInterestCalculator.Domain.Models", "src\Domain\CompoundInterestCalculator.Domain.Models\CompoundInterestCalculator.Domain.Models.csproj", "{81C31377-2E8F-4773-9EC9-78953365514F}"
EndProject
Project("{2150E333-8FDC-42A3-9474-1A3956D46DE8}") = "Api", "Api", "{C7032272-616B-44B4-B61C-D247F607FD82}"
EndProject
Project("{2150E333-8FDC-42A3-9474-1A3956D46DE8}") = "tests", "tests", "{C462071D-67AA-4BB8-9019-3E912C52D791}"
EndProject
Project("{FAE04EC0-301F-11D3-BF4B-00C04F79EFBC}") = "CompoundInterestCalculatorTests", "tests\CompoundInterestCalculatorTests\CompoundInterestCalculatorTests.csproj", "{BF740DC5-F8EA-4CBE-87F0-46B55E907A93}"
EndProject
Global
	GlobalSection(SolutionConfigurationPlatforms) = preSolution
		Debug|Any CPU = Debug|Any CPU
		Release|Any CPU = Release|Any CPU
	EndGlobalSection
	GlobalSection(ProjectConfigurationPlatforms) = postSolution
		{0C8CAA0F-7EDB-46BD-A452-48B834A6CD0D}.Debug|Any CPU.ActiveCfg = Debug|Any CPU
		{0C8CAA0F-7EDB-46BD-A452-48B834A6CD0D}.Debug|Any CPU.Build.0 = Debug|Any CPU
		{0C8CAA0F-7EDB-46BD-A452-48B834A6CD0D}.Release|Any CPU.ActiveCfg = Release|Any CPU
		{0C8CAA0F-7EDB-46BD-A452-48B834A6CD0D}.Release|Any CPU.Build.0 = Release|Any CPU
		{277CD26F-EE4C-4BC2-A03A-3689540CB43B}.Debug|Any CPU.ActiveCfg = Debug|Any CPU
		{277CD26F-EE4C-4BC2-A03A-3689540CB43B}.Debug|Any CPU.Build.0 = Debug|Any CPU
		{277CD26F-EE4C-4BC2-A03A-3689540CB43B}.Release|Any CPU.ActiveCfg = Release|Any CPU
		{277CD26F-EE4C-4BC2-A03A-3689540CB43B}.Release|Any CPU.Build.0 = Release|Any CPU
		{D2327522-6715-44A8-94D6-A0702BB8DA2D}.Debug|Any CPU.ActiveCfg = Debug|Any CPU
		{D2327522-6715-44A8-94D6-A0702BB8DA2D}.Debug|Any CPU.Build.0 = Debug|Any CPU
		{D2327522-6715-44A8-94D6-A0702BB8DA2D}.Release|Any CPU.ActiveCfg = Release|Any CPU
		{D2327522-6715-44A8-94D6-A0702BB8DA2D}.Release|Any CPU.Build.0 = Release|Any CPU
		{05C00276-AA13-4EE0-8814-21CA79FA8187}.Debug|Any CPU.ActiveCfg = Debug|Any CPU
		{05C00276-AA13-4EE0-8814-21CA79FA8187}.Debug|Any CPU.Build.0 = Debug|Any CPU
		{05C00276-AA13-4EE0-8814-21CA79FA8187}.Release|Any CPU.ActiveCfg = Release|Any CPU
		{05C00276-AA13-4EE0-8814-21CA79FA8187}.Release|Any CPU.Build.0 = Release|Any CPU
		{D7544B8C-60D4-4B2C-A2FF-890F35AB858C}.Debug|Any CPU.ActiveCfg = Debug|Any CPU
		{D7544B8C-60D4-4B2C-A2FF-890F35AB858C}.Debug|Any CPU.Build.0 = Debug|Any CPU
		{D7544B8C-60D4-4B2C-A2FF-890F35AB858C}.Release|Any CPU.ActiveCfg = Release|Any CPU
		{D7544B8C-60D4-4B2C-A2FF-890F35AB858C}.Release|Any CPU.Build.0 = Release|Any CPU
		{FDE6342B-E9D0-43F0-A8E2-BBD6F78204C9}.Debug|Any CPU.ActiveCfg = Debug|Any CPU
		{FDE6342B-E9D0-43F0-A8E2-BBD6F78204C9}.Debug|Any CPU.Build.0 = Debug|Any CPU
		{FDE6342B-E9D0-43F0-A8E2-BBD6F78204C9}.Release|Any CPU.ActiveCfg = Release|Any CPU
		{FDE6342B-E9D0-43F0-A8E2-BBD6F78204C9}.Release|Any CPU.Build.0 = Release|Any CPU
		{81C31377-2E8F-4773-9EC9-78953365514F}.Debug|Any CPU.ActiveCfg = Debug|Any CPU
		{81C31377-2E8F-4773-9EC9-78953365514F}.Debug|Any CPU.Build.0 = Debug|Any CPU
		{81C31377-2E8F-4773-9EC9-78953365514F}.Release|Any CPU.ActiveCfg = Release|Any CPU
		{81C31377-2E8F-4773-9EC9-78953365514F}.Release|Any CPU.Build.0 = Release|Any CPU
		{BF740DC5-F8EA-4CBE-87F0-46B55E907A93}.Debug|Any CPU.ActiveCfg = Debug|Any CPU
		{BF740DC5-F8EA-4CBE-87F0-46B55E907A93}.Debug|Any CPU.Build.0 = Debug|Any CPU
		{BF740DC5-F8EA-4CBE-87F0-46B55E907A93}.Release|Any CPU.ActiveCfg = Release|Any CPU
		{BF740DC5-F8EA-4CBE-87F0-46B55E907A93}.Release|Any CPU.Build.0 = Release|Any CPU
	EndGlobalSection
	GlobalSection(SolutionProperties) = preSolution
		HideSolutionNode = FALSE
	EndGlobalSection
	GlobalSection(NestedProjects) = preSolution
		{0C8CAA0F-7EDB-46BD-A452-48B834A6CD0D} = {C7032272-616B-44B4-B61C-D247F607FD82}
		{6A0D68D9-A7F2-4FB1-9BA2-1E54357307E5} = {6CE40E1F-102A-4403-A9C4-80F641EE8E24}
		{277CD26F-EE4C-4BC2-A03A-3689540CB43B} = {6A0D68D9-A7F2-4FB1-9BA2-1E54357307E5}
		{D2327522-6715-44A8-94D6-A0702BB8DA2D} = {6A0D68D9-A7F2-4FB1-9BA2-1E54357307E5}
		{05C00276-AA13-4EE0-8814-21CA79FA8187} = {6CE40E1F-102A-4403-A9C4-80F641EE8E24}
		{282E3226-AC7A-4849-8159-BD5071B938E9} = {6CE40E1F-102A-4403-A9C4-80F641EE8E24}
		{D7544B8C-60D4-4B2C-A2FF-890F35AB858C} = {282E3226-AC7A-4849-8159-BD5071B938E9}
		{FDE6342B-E9D0-43F0-A8E2-BBD6F78204C9} = {282E3226-AC7A-4849-8159-BD5071B938E9}
		{81C31377-2E8F-4773-9EC9-78953365514F} = {282E3226-AC7A-4849-8159-BD5071B938E9}
		{C7032272-616B-44B4-B61C-D247F607FD82} = {6CE40E1F-102A-4403-A9C4-80F641EE8E24}
		{BF740DC5-F8EA-4CBE-87F0-46B55E907A93} = {C462071D-67AA-4BB8-9019-3E912C52D791}
	EndGlobalSection
	GlobalSection(ExtensibilityGlobals) = postSolution
		SolutionGuid = {A8DB06F2-A8BE-4017-BA15-0CC0F078A4F7}
	EndGlobalSection
EndGlobal
